
Microsoft Visual Studio Solution File, Format Version 12.00
# Visual Studio 15
VisualStudioVersion = 15.0.28307.1340
MinimumVisualStudioVersion = 10.0.40219.1
Project("{2150E333-8FDC-42A3-9474-1A3956D46DE8}") = "BusinessLogicLayer", "BusinessLogicLayer", "{99540BD3-7614-4E3F-9E92-5A44C331FF6E}"
EndProject
Project("{2150E333-8FDC-42A3-9474-1A3956D46DE8}") = "DataAccessLayer", "DataAccessLayer", "{E398EF97-1071-4AA3-98F2-C434FDB9B351}"
EndProject
Project("{2150E333-8FDC-42A3-9474-1A3956D46DE8}") = "Common", "Common", "{A81A31EE-435E-458B-BAC5-13DBA5BCC21B}"
EndProject
Project("{2150E333-8FDC-42A3-9474-1A3956D46DE8}") = "PresentationLayer", "PresentationLayer", "{AB516B26-F65C-49E6-AD7A-9B24BC697F08}"
EndProject
Project("{FAE04EC0-301F-11D3-BF4B-00C04F79EFBC}") = "Hi.Model", "Hi.Model\Hi.Model.csproj", "{4C0291DC-F120-469C-9049-3127D7E91666}"
EndProject
Project("{FAE04EC0-301F-11D3-BF4B-00C04F79EFBC}") = "Hi.IDAL", "Hi.IDAL\Hi.IDAL.csproj", "{EAC5ACD8-B947-4656-BF3E-66FDB5B081FF}"
EndProject
Project("{FAE04EC0-301F-11D3-BF4B-00C04F79EFBC}") = "Hi.MSSQL.DAL", "Hi.MSSQL.DAL\Hi.MSSQL.DAL.csproj", "{55A567BB-9106-4633-8B34-86E4B43AC331}"
EndProject
Project("{FAE04EC0-301F-11D3-BF4B-00C04F79EFBC}") = "Hi.BLL", "Hi.BLL\Hi.BLL.csproj", "{94E439EF-79F7-4A7E-A5EB-7156308A50F7}"
EndProject
Project("{FAE04EC0-301F-11D3-BF4B-00C04F79EFBC}") = "Hi.MVC5", "Hi.MVC5\Hi.MVC5.csproj", "{AE3E1D62-B10D-4463-8EA4-B5320DA54139}"
EndProject
Global
	GlobalSection(SolutionConfigurationPlatforms) = preSolution
		Debug|Any CPU = Debug|Any CPU
		Release|Any CPU = Release|Any CPU
	EndGlobalSection
	GlobalSection(ProjectConfigurationPlatforms) = postSolution
		{4C0291DC-F120-469C-9049-3127D7E91666}.Debug|Any CPU.ActiveCfg = Debug|Any CPU
		{4C0291DC-F120-469C-9049-3127D7E91666}.Debug|Any CPU.Build.0 = Debug|Any CPU
		{4C0291DC-F120-469C-9049-3127D7E91666}.Release|Any CPU.ActiveCfg = Release|Any CPU
		{4C0291DC-F120-469C-9049-3127D7E91666}.Release|Any CPU.Build.0 = Release|Any CPU
		{EAC5ACD8-B947-4656-BF3E-66FDB5B081FF}.Debug|Any CPU.ActiveCfg = Debug|Any CPU
		{EAC5ACD8-B947-4656-BF3E-66FDB5B081FF}.Debug|Any CPU.Build.0 = Debug|Any CPU
		{EAC5ACD8-B947-4656-BF3E-66FDB5B081FF}.Release|Any CPU.ActiveCfg = Release|Any CPU
		{EAC5ACD8-B947-4656-BF3E-66FDB5B081FF}.Release|Any CPU.Build.0 = Release|Any CPU
		{55A567BB-9106-4633-8B34-86E4B43AC331}.Debug|Any CPU.ActiveCfg = Debug|Any CPU
		{55A567BB-9106-4633-8B34-86E4B43AC331}.Debug|Any CPU.Build.0 = Debug|Any CPU
		{55A567BB-9106-4633-8B34-86E4B43AC331}.Release|Any CPU.ActiveCfg = Release|Any CPU
		{55A567BB-9106-4633-8B34-86E4B43AC331}.Release|Any CPU.Build.0 = Release|Any CPU
		{94E439EF-79F7-4A7E-A5EB-7156308A50F7}.Debug|Any CPU.ActiveCfg = Debug|Any CPU
		{94E439EF-79F7-4A7E-A5EB-7156308A50F7}.Debug|Any CPU.Build.0 = Debug|Any CPU
		{94E439EF-79F7-4A7E-A5EB-7156308A50F7}.Release|Any CPU.ActiveCfg = Release|Any CPU
		{94E439EF-79F7-4A7E-A5EB-7156308A50F7}.Release|Any CPU.Build.0 = Release|Any CPU
		{AE3E1D62-B10D-4463-8EA4-B5320DA54139}.Debug|Any CPU.ActiveCfg = Debug|Any CPU
		{AE3E1D62-B10D-4463-8EA4-B5320DA54139}.Debug|Any CPU.Build.0 = Debug|Any CPU
		{AE3E1D62-B10D-4463-8EA4-B5320DA54139}.Release|Any CPU.ActiveCfg = Release|Any CPU
		{AE3E1D62-B10D-4463-8EA4-B5320DA54139}.Release|Any CPU.Build.0 = Release|Any CPU
	EndGlobalSection
	GlobalSection(SolutionProperties) = preSolution
		HideSolutionNode = FALSE
	EndGlobalSection
	GlobalSection(NestedProjects) = preSolution
		{4C0291DC-F120-469C-9049-3127D7E91666} = {A81A31EE-435E-458B-BAC5-13DBA5BCC21B}
		{EAC5ACD8-B947-4656-BF3E-66FDB5B081FF} = {E398EF97-1071-4AA3-98F2-C434FDB9B351}
		{55A567BB-9106-4633-8B34-86E4B43AC331} = {E398EF97-1071-4AA3-98F2-C434FDB9B351}
		{94E439EF-79F7-4A7E-A5EB-7156308A50F7} = {99540BD3-7614-4E3F-9E92-5A44C331FF6E}
		{AE3E1D62-B10D-4463-8EA4-B5320DA54139} = {AB516B26-F65C-49E6-AD7A-9B24BC697F08}
	EndGlobalSection
	GlobalSection(ExtensibilityGlobals) = postSolution
		SolutionGuid = {D8252121-E7BA-4E64-B965-2FFEE5D8A801}
	EndGlobalSection
EndGlobal
